
Microsoft Visual Studio Solution File, Format Version 12.00
# Visual Studio Version 16
VisualStudioVersion = 25.0.1706.3
MinimumVisualStudioVersion = 10.0.40219.1
Project("{FAE04EC0-301F-11D3-BF4B-00C04F79EFBC}") = "Test2", "Test2\Test2.csproj", "{99842CFC-3120-497D-93C5-8F093D928ADE}"
EndProject
Global
	GlobalSection(SolutionConfigurationPlatforms) = preSolution
		Debug|Any CPU = Debug|Any CPU
		Release|Any CPU = Release|Any CPU
	EndGlobalSection
	GlobalSection(ProjectConfigurationPlatforms) = postSolution
		{99842CFC-3120-497D-93C5-8F093D928ADE}.Debug|Any CPU.ActiveCfg = Debug|Any CPU
		{99842CFC-3120-497D-93C5-8F093D928ADE}.Debug|Any CPU.Build.0 = Debug|Any CPU
		{99842CFC-3120-497D-93C5-8F093D928ADE}.Release|Any CPU.ActiveCfg = Release|Any CPU
		{99842CFC-3120-497D-93C5-8F093D928ADE}.Release|Any CPU.Build.0 = Release|Any CPU
	EndGlobalSection
	GlobalSection(SolutionProperties) = preSolution
		HideSolutionNode = FALSE
	EndGlobalSection
	GlobalSection(ExtensibilityGlobals) = postSolution
		SolutionGuid = {425A638A-1F55-4EF3-B0CA-7CBD1DC91655}
	EndGlobalSection
EndGlobal
